// !$*UTF8*$!
{
	archiveVersion = 1;
	classes = {
	};
	objectVersion = 50;
	objects = {

/* Begin PBXBuildFile section */
		8CA752132607BF2200FCEA60 /* TestandoApp.swift in Sources */ = {isa = PBXBuildFile; fileRef = 8CA752122607BF2200FCEA60 /* TestandoApp.swift */; };
		8CA752152607BF2200FCEA60 /* ContentView.swift in Sources */ = {isa = PBXBuildFile; fileRef = 8CA752142607BF2200FCEA60 /* ContentView.swift */; };
		8CA752172607BF2400FCEA60 /* Assets.xcassets in Resources */ = {isa = PBXBuildFile; fileRef = 8CA752162607BF2400FCEA60 /* Assets.xcassets */; };
		8CA7521A2607BF2400FCEA60 /* Preview Assets.xcassets in Resources */ = {isa = PBXBuildFile; fileRef = 8CA752192607BF2400FCEA60 /* Preview Assets.xcassets */; };
		8CF8A2D22607C9E300B04210 /* Resources in Resources */ = {isa = PBXBuildFile; fileRef = 8CF8A2D12607C9E300B04210 /* Resources */; };
		8CF8A2D52607CA6F00B04210 /* CircleImage.swift in Sources */ = {isa = PBXBuildFile; fileRef = 8CF8A2D42607CA6F00B04210 /* CircleImage.swift */; };
		8CF8A2D82607CB3200B04210 /* MapView.swift in Sources */ = {isa = PBXBuildFile; fileRef = 8CF8A2D72607CB3200B04210 /* MapView.swift */; };
/* End PBXBuildFile section */

/* Begin PBXFileReference section */
		8CA7520F2607BF2200FCEA60 /* Testando.app */ = {isa = PBXFileReference; explicitFileType = wrapper.application; includeInIndex = 0; path = Testando.app; sourceTree = BUILT_PRODUCTS_DIR; };
		8CA752122607BF2200FCEA60 /* TestandoApp.swift */ = {isa = PBXFileReference; lastKnownFileType = sourcecode.swift; path = TestandoApp.swift; sourceTree = "<group>"; };
		8CA752142607BF2200FCEA60 /* ContentView.swift */ = {isa = PBXFileReference; lastKnownFileType = sourcecode.swift; path = ContentView.swift; sourceTree = "<group>"; };
		8CA752162607BF2400FCEA60 /* Assets.xcassets */ = {isa = PBXFileReference; lastKnownFileType = folder.assetcatalog; path = Assets.xcassets; sourceTree = "<group>"; };
		8CA752192607BF2400FCEA60 /* Preview Assets.xcassets */ = {isa = PBXFileReference; lastKnownFileType = folder.assetcatalog; path = "Preview Assets.xcassets"; sourceTree = "<group>"; };
		8CA7521B2607BF2400FCEA60 /* Info.plist */ = {isa = PBXFileReference; lastKnownFileType = text.plist.xml; path = Info.plist; sourceTree = "<group>"; };
		8CA7521C2607BF2400FCEA60 /* Testando.entitlements */ = {isa = PBXFileReference; lastKnownFileType = text.plist.entitlements; path = Testando.entitlements; sourceTree = "<group>"; };
		8CF8A2D12607C9E300B04210 /* Resources */ = {isa = PBXFileReference; lastKnownFileType = folder; path = Resources; sourceTree = "<group>"; };
		8CF8A2D42607CA6F00B04210 /* CircleImage.swift */ = {isa = PBXFileReference; lastKnownFileType = sourcecode.swift; path = CircleImage.swift; sourceTree = "<group>"; };
		8CF8A2D72607CB3200B04210 /* MapView.swift */ = {isa = PBXFileReference; lastKnownFileType = sourcecode.swift; path = MapView.swift; sourceTree = "<group>"; };
/* End PBXFileReference section */

/* Begin PBXFrameworksBuildPhase section */
		8CA7520C2607BF2200FCEA60 /* Frameworks */ = {
			isa = PBXFrameworksBuildPhase;
			buildActionMask = 2147483647;
			files = (
			);
			runOnlyForDeploymentPostprocessing = 0;
		};
/* End PBXFrameworksBuildPhase section */

/* Begin PBXGroup section */
		8CA752062607BF2200FCEA60 = {
			isa = PBXGroup;
			children = (
				8CA752112607BF2200FCEA60 /* Testando */,
				8CA752102607BF2200FCEA60 /* Products */,
			);
			sourceTree = "<group>";
		};
		8CA752102607BF2200FCEA60 /* Products */ = {
			isa = PBXGroup;
			children = (
				8CA7520F2607BF2200FCEA60 /* Testando.app */,
			);
			name = Products;
			sourceTree = "<group>";
		};
		8CA752112607BF2200FCEA60 /* Testando */ = {
			isa = PBXGroup;
			children = (
				8CA752122607BF2200FCEA60 /* TestandoApp.swift */,
				8CF8A2D42607CA6F00B04210 /* CircleImage.swift */,
				8CF8A2D72607CB3200B04210 /* MapView.swift */,
				8CA752142607BF2200FCEA60 /* ContentView.swift */,
				8CF8A2D12607C9E300B04210 /* Resources */,
				8CA752162607BF2400FCEA60 /* Assets.xcassets */,
				8CA7521B2607BF2400FCEA60 /* Info.plist */,
				8CA7521C2607BF2400FCEA60 /* Testando.entitlements */,
				8CA752182607BF2400FCEA60 /* Preview Content */,
			);
			path = Testando;
			sourceTree = "<group>";
		};
		8CA752182607BF2400FCEA60 /* Preview Content */ = {
			isa = PBXGroup;
			children = (
				8CA752192607BF2400FCEA60 /* Preview Assets.xcassets */,
			);
			path = "Preview Content";
			sourceTree = "<group>";
		};
/* End PBXGroup section */

/* Begin PBXNativeTarget section */
		8CA7520E2607BF2200FCEA60 /* Testando */ = {
			isa = PBXNativeTarget;
			buildConfigurationList = 8CA7521F2607BF2400FCEA60 /* Build configuration list for PBXNativeTarget "Testando" */;
			buildPhases = (
				8CA7520B2607BF2200FCEA60 /* Sources */,
				8CA7520C2607BF2200FCEA60 /* Frameworks */,
				8CA7520D2607BF2200FCEA60 /* Resources */,
			);
			buildRules = (
			);
			dependencies = (
			);
			name = Testando;
			productName = Testando;
			productReference = 8CA7520F2607BF2200FCEA60 /* Testando.app */;
			productType = "com.apple.product-type.application";
		};
/* End PBXNativeTarget section */

/* Begin PBXProject section */
		8CA752072607BF2200FCEA60 /* Project object */ = {
			isa = PBXProject;
			attributes = {
				LastSwiftUpdateCheck = 1240;
				LastUpgradeCheck = 1240;
				TargetAttributes = {
					8CA7520E2607BF2200FCEA60 = {
						CreatedOnToolsVersion = 12.4;
					};
				};
			};
			buildConfigurationList = 8CA7520A2607BF2200FCEA60 /* Build configuration list for PBXProject "Testando" */;
			compatibilityVersion = "Xcode 9.3";
			developmentRegion = en;
			hasScannedForEncodings = 0;
			knownRegions = (
				en,
				Base,
			);
			mainGroup = 8CA752062607BF2200FCEA60;
			productRefGroup = 8CA752102607BF2200FCEA60 /* Products */;
			projectDirPath = "";
			projectRoot = "";
			targets = (
				8CA7520E2607BF2200FCEA60 /* Testando */,
			);
		};
/* End PBXProject section */

/* Begin PBXResourcesBuildPhase section */
		8CA7520D2607BF2200FCEA60 /* Resources */ = {
			isa = PBXResourcesBuildPhase;
			buildActionMask = 2147483647;
			files = (
				8CA7521A2607BF2400FCEA60 /* Preview Assets.xcassets in Resources */,
				8CA752172607BF2400FCEA60 /* Assets.xcassets in Resources */,
				8CF8A2D22607C9E300B04210 /* Resources in Resources */,
			);
			runOnlyForDeploymentPostprocessing = 0;
		};
/* End PBXResourcesBuildPhase section */

/* Begin PBXSourcesBuildPhase section */
		8CA7520B2607BF2200FCEA60 /* Sources */ = {
			isa = PBXSourcesBuildPhase;
			buildActionMask = 2147483647;
			files = (
				8CA752152607BF2200FCEA60 /* ContentView.swift in Sources */,
				8CF8A2D82607CB3200B04210 /* MapView.swift in Sources */,
				8CA752132607BF2200FCEA60 /* TestandoApp.swift in Sources */,
				8CF8A2D52607CA6F00B04210 /* CircleImage.swift in Sources */,
			);
			runOnlyForDeploymentPostprocessing = 0;
		};
/* End PBXSourcesBuildPhase section */

/* Begin XCBuildConfiguration section */
		8CA7521D2607BF2400FCEA60 /* Debug */ = {
			isa = XCBuildConfiguration;
			buildSettings = {
				ALWAYS_SEARCH_USER_PATHS = NO;
				CLANG_ANALYZER_NONNULL = YES;
				CLANG_ANALYZER_NUMBER_OBJECT_CONVERSION = YES_AGGRESSIVE;
				CLANG_CXX_LANGUAGE_STANDARD = "gnu++14";
				CLANG_CXX_LIBRARY = "libc++";
				CLANG_ENABLE_MODULES = YES;
				CLANG_ENABLE_OBJC_ARC = YES;
				CLANG_ENABLE_OBJC_WEAK = YES;
				CLANG_WARN_BLOCK_CAPTURE_AUTORELEASING = YES;
				CLANG_WARN_BOOL_CONVERSION = YES;
				CLANG_WARN_COMMA = YES;
				CLANG_WARN_CONSTANT_CONVERSION = YES;
				CLANG_WARN_DEPRECATED_OBJC_IMPLEMENTATIONS = YES;
				CLANG_WARN_DIRECT_OBJC_ISA_USAGE = YES_ERROR;
				CLANG_WARN_DOCUMENTATION_COMMENTS = YES;
				CLANG_WARN_EMPTY_BODY = YES;
				CLANG_WARN_ENUM_CONVERSION = YES;
				CLANG_WARN_INFINITE_RECURSION = YES;
				CLANG_WARN_INT_CONVERSION = YES;
				CLANG_WARN_NON_LITERAL_NULL_CONVERSION = YES;
				CLANG_WARN_OBJC_IMPLICIT_RETAIN_SELF = YES;
				CLANG_WARN_OBJC_LITERAL_CONVERSION = YES;
				CLANG_WARN_OBJC_ROOT_CLASS = YES_ERROR;
				CLANG_WARN_QUOTED_INCLUDE_IN_FRAMEWORK_HEADER = YES;
				CLANG_WARN_RANGE_LOOP_ANALYSIS = YES;
				CLANG_WARN_STRICT_PROTOTYPES = YES;
				CLANG_WARN_SUSPICIOUS_MOVE = YES;
				CLANG_WARN_UNGUARDED_AVAILABILITY = YES_AGGRESSIVE;
				CLANG_WARN_UNREACHABLE_CODE = YES;
				CLANG_WARN__DUPLICATE_METHOD_MATCH = YES;
				COPY_PHASE_STRIP = NO;
				DEBUG_INFORMATION_FORMAT = dwarf;
				ENABLE_STRICT_OBJC_MSGSEND = YES;
				ENABLE_TESTABILITY = YES;
				GCC_C_LANGUAGE_STANDARD = gnu11;
				GCC_DYNAMIC_NO_PIC = NO;
				GCC_NO_COMMON_BLOCKS = YES;
				GCC_OPTIMIZATION_LEVEL = 0;
				GCC_PREPROCESSOR_DEFINITIONS = (
					"DEBUG=1",
					"$(inherited)",
				);
				GCC_WARN_64_TO_32_BIT_CONVERSION = YES;
				GCC_WARN_ABOUT_RETURN_TYPE = YES_ERROR;
				GCC_WARN_UNDECLARED_SELECTOR = YES;
				GCC_WARN_UNINITIALIZED_AUTOS = YES_AGGRESSIVE;
				GCC_WARN_UNUSED_FUNCTION = YES;
				GCC_WARN_UNUSED_VARIABLE = YES;
				MACOSX_DEPLOYMENT_TARGET = 11.1;
				MTL_ENABLE_DEBUG_INFO = INCLUDE_SOURCE;
				MTL_FAST_MATH = YES;
				ONLY_ACTIVE_ARCH = YES;
				SDKROOT = macosx;
				SWIFT_ACTIVE_COMPILATION_CONDITIONS = DEBUG;
				SWIFT_OPTIMIZATION_LEVEL = "-Onone";
			};
			name = Debug;
		};
		8CA7521E2607BF2400FCEA60 /* Release */ = {
			isa = XCBuildConfiguration;
			buildSettings = {
				ALWAYS_SEARCH_USER_PATHS = NO;
				CLANG_ANALYZER_NONNULL = YES;
				CLANG_ANALYZER_NUMBER_OBJECT_CONVERSION = YES_AGGRESSIVE;
				CLANG_CXX_LANGUAGE_STANDARD = "gnu++14";
				CLANG_CXX_LIBRARY = "libc++";
				CLANG_ENABLE_MODULES = YES;
				CLANG_ENABLE_OBJC_ARC = YES;
				CLANG_ENABLE_OBJC_WEAK = YES;
				CLANG_WARN_BLOCK_CAPTURE_AUTORELEASING = YES;
				CLANG_WARN_BOOL_CONVERSION = YES;
				CLANG_WARN_COMMA = YES;
				CLANG_WARN_CONSTANT_CONVERSION = YES;
				CLANG_WARN_DEPRECATED_OBJC_IMPLEMENTATIONS = YES;
				CLANG_WARN_DIRECT_OBJC_ISA_USAGE = YES_ERROR;
				CLANG_WARN_DOCUMENTATION_COMMENTS = YES;
				CLANG_WARN_EMPTY_BODY = YES;
				CLANG_WARN_ENUM_CONVERSION = YES;
				CLANG_WARN_INFINITE_RECURSION = YES;
				CLANG_WARN_INT_CONVERSION = YES;
				CLANG_WARN_NON_LITERAL_NULL_CONVERSION = YES;
				CLANG_WARN_OBJC_IMPLICIT_RETAIN_SELF = YES;
				CLANG_WARN_OBJC_LITERAL_CONVERSION = YES;
				CLANG_WARN_OBJC_ROOT_CLASS = YES_ERROR;
				CLANG_WARN_QUOTED_INCLUDE_IN_FRAMEWORK_HEADER = YES;
				CLANG_WARN_RANGE_LOOP_ANALYSIS = YES;
				CLANG_WARN_STRICT_PROTOTYPES = YES;
				CLANG_WARN_SUSPICIOUS_MOVE = YES;
				CLANG_WARN_UNGUARDED_AVAILABILITY = YES_AGGRESSIVE;
				CLANG_WARN_UNREACHABLE_CODE = YES;
				CLANG_WARN__DUPLICATE_METHOD_MATCH = YES;
				COPY_PHASE_STRIP = NO;
				DEBUG_INFORMATION_FORMAT = "dwarf-with-dsym";
				ENABLE_NS_ASSERTIONS = NO;
				ENABLE_STRICT_OBJC_MSGSEND = YES;
				GCC_C_LANGUAGE_STANDARD = gnu11;
				GCC_NO_COMMON_BLOCKS = YES;
				GCC_WARN_64_TO_32_BIT_CONVERSION = YES;
				GCC_WARN_ABOUT_RETURN_TYPE = YES_ERROR;
				GCC_WARN_UNDECLARED_SELECTOR = YES;
				GCC_WARN_UNINITIALIZED_AUTOS = YES_AGGRESSIVE;
				GCC_WARN_UNUSED_FUNCTION = YES;
				GCC_WARN_UNUSED_VARIABLE = YES;
				MACOSX_DEPLOYMENT_TARGET = 11.1;
				MTL_ENABLE_DEBUG_INFO = NO;
				MTL_FAST_MATH = YES;
				SDKROOT = macosx;
				SWIFT_COMPILATION_MODE = wholemodule;
				SWIFT_OPTIMIZATION_LEVEL = "-O";
			};
			name = Release;
		};
		8CA752202607BF2400FCEA60 /* Debug */ = {
			isa = XCBuildConfiguration;
			buildSettings = {
				ASSETCATALOG_COMPILER_APPICON_NAME = AppIcon;
				ASSETCATALOG_COMPILER_GLOBAL_ACCENT_COLOR_NAME = AccentColor;
				CODE_SIGN_ENTITLEMENTS = Testando/Testando.entitlements;
				CODE_SIGN_STYLE = Automatic;
				COMBINE_HIDPI_IMAGES = YES;
				DEVELOPMENT_ASSET_PATHS = "\"Testando/Preview Content\"";
				ENABLE_PREVIEWS = YES;
				INFOPLIST_FILE = Testando/Info.plist;
				LD_RUNPATH_SEARCH_PATHS = (
					"$(inherited)",
					"@executable_path/../Frameworks",
				);
				MACOSX_DEPLOYMENT_TARGET = 11.0;
				PRODUCT_BUNDLE_IDENTIFIER = com..Testando;
				PRODUCT_NAME = "$(TARGET_NAME)";
				SWIFT_VERSION = 5.0;
			};
			name = Debug;
		};
		8CA752212607BF2400FCEA60 /* Release */ = {
			isa = XCBuildConfiguration;
			buildSettings = {
				ASSETCATALOG_COMPILER_APPICON_NAME = AppIcon;
				ASSETCATALOG_COMPILER_GLOBAL_ACCENT_COLOR_NAME = AccentColor;
				CODE_SIGN_ENTITLEMENTS = Testando/Testando.entitlements;
				CODE_SIGN_STYLE = Automatic;
				COMBINE_HIDPI_IMAGES = YES;
				DEVELOPMENT_ASSET_PATHS = "\"Testando/Preview Content\"";
				ENABLE_PREVIEWS = YES;
				INFOPLIST_FILE = Testando/Info.plist;
				LD_RUNPATH_SEARCH_PATHS = (
					"$(inherited)",
					"@executable_path/../Frameworks",
				);
				MACOSX_DEPLOYMENT_TARGET = 11.0;
				PRODUCT_BUNDLE_IDENTIFIER = com..Testando;
				PRODUCT_NAME = "$(TARGET_NAME)";
				SWIFT_VERSION = 5.0;
			};
			name = Release;
		};
/* End XCBuildConfiguration section */

/* Begin XCConfigurationList section */
		8CA7520A2607BF2200FCEA60 /* Build configuration list for PBXProject "Testando" */ = {
			isa = XCConfigurationList;
			buildConfigurations = (
				8CA7521D2607BF2400FCEA60 /* Debug */,
				8CA7521E2607BF2400FCEA60 /* Release */,
			);
			defaultConfigurationIsVisible = 0;
			defaultConfigurationName = Release;
		};
		8CA7521F2607BF2400FCEA60 /* Build configuration list for PBXNativeTarget "Testando" */ = {
			isa = XCConfigurationList;
			buildConfigurations = (
				8CA752202607BF2400FCEA60 /* Debug */,
				8CA752212607BF2400FCEA60 /* Release */,
			);
			defaultConfigurationIsVisible = 0;
			defaultConfigurationName = Release;
		};
/* End XCConfigurationList section */
	};
	rootObject = 8CA752072607BF2200FCEA60 /* Project object */;
}
